{"1.2.0",
[{<<"jsone">>,{pkg,<<"jsone">>,<<"1.9.0">>},0},
 {<<"yamerl">>,{pkg,<<"yamerl">>,<<"0.10.0">>},0}]}.
[
{pkg_hash,[
 {<<"jsone">>, <<"2242DC76859DB74E27AE6B6209BBF4F03651B8EDDB53FA8002A931D35953E9B6">>},
 {<<"yamerl">>, <<"4FF81FEE2F1F6A46F1700C0D880B24D193DDB74BD14EF42CB0BCF46E81EF2F8E">>}]},
{pkg_hash_ext,[
 {<<"jsone">>, <<"6863DCF95A7FC26094EAAFF0D72522D58FE22719B4758AFB75A21735BC92646D">>},
 {<<"yamerl">>, <<"346ADB2963F1051DC837A2364E4ACF6EB7D80097C0F53CBDC3046EC8EC4B4E6E">>}]}
].
