{"1.2.0",
[{<<"cowlib">>,{pkg,<<"cowlib">>,<<"2.19.0">>},1},
 {<<"dirtree">>,{pkg,<<"dirtree">>,<<"1.0.5">>},0},
 {<<"gleam_stdlib">>,{pkg,<<"gleam_stdlib">>,<<"1.0.5">>},1},
 {<<"gun">>,{pkg,<<"gun">>,<<"2.5.0">>},0},
 {<<"jsone">>,{pkg,<<"jsone">>,<<"1.9.0">>},0},
 {<<"yamerl">>,{pkg,<<"yamerl">>,<<"0.10.0">>},0}]}.
[
{pkg_hash,[
 {<<"cowlib">>, <<"C9D11C9D035472E27A740C9F327786C61ED209269B4BE0260D59D3EC07B8949F">>},
 {<<"dirtree">>, <<"13D06F0DAA812592F15F972A9E46221A7B126E9A6B2BCE0F90F2DCDF3F496CDF">>},
 {<<"gleam_stdlib">>, <<"162D95E765F232233BF823DF5B0DD37FE077CBA32E9E45738332BC92AF4A7A26">>},
 {<<"gun">>, <<"7BE4C8D34A177F4213D48BB5FBFFB03462CE871B4EC30B5AA3B08D2FD4FA424B">>},
 {<<"jsone">>, <<"2242DC76859DB74E27AE6B6209BBF4F03651B8EDDB53FA8002A931D35953E9B6">>},
 {<<"yamerl">>, <<"4FF81FEE2F1F6A46F1700C0D880B24D193DDB74BD14EF42CB0BCF46E81EF2F8E">>}]},
{pkg_hash_ext,[
 {<<"cowlib">>, <<"6DC66E3135B229193EA4DCB14294E79520C923D391315C9C962EF0B4BEA72356">>},
 {<<"dirtree">>, <<"96ADCAAD97FC0B9C69ABDD3CC763BAAF0EB6679F7CF2DF5E904879092B2E1F51">>},
 {<<"gleam_stdlib">>, <<"CEE5B6C076A85B45F60C585F4316C63EC8B7127C119D5738C3958A9C4D50404E">>},
 {<<"gun">>, <<"3839576181456F5553FC1BE006FD95681576B916CC9AD68D422A287ED4A770DD">>},
 {<<"jsone">>, <<"6863DCF95A7FC26094EAAFF0D72522D58FE22719B4758AFB75A21735BC92646D">>},
 {<<"yamerl">>, <<"346ADB2963F1051DC837A2364E4ACF6EB7D80097C0F53CBDC3046EC8EC4B4E6E">>}]}
].
